
Microsoft Visual Studio Solution File, Format Version 12.00
# Visual Studio Version 17
VisualStudioVersion = 17.1.32407.343
MinimumVisualStudioVersion = 10.0.40219.1
Project("{FAE04EC0-301F-11D3-BF4B-00C04F79EFBC}") = "SolidPrinciples", "SolidPrinciples\SolidPrinciples.csproj", "{7B9F61F0-FAE9-4E33-9478-1F08C3A593F5}"
EndProject
Global
	GlobalSection(SolutionConfigurationPlatforms) = preSolution
		Debug|Any CPU = Debug|Any CPU
		Release|Any CPU = Release|Any CPU
	EndGlobalSection
	GlobalSection(ProjectConfigurationPlatforms) = postSolution
		{7B9F61F0-FAE9-4E33-9478-1F08C3A593F5}.Debug|Any CPU.ActiveCfg = Debug|Any CPU
		{7B9F61F0-FAE9-4E33-9478-1F08C3A593F5}.Debug|Any CPU.Build.0 = Debug|Any CPU
		{7B9F61F0-FAE9-4E33-9478-1F08C3A593F5}.Release|Any CPU.ActiveCfg = Release|Any CPU
		{7B9F61F0-FAE9-4E33-9478-1F08C3A593F5}.Release|Any CPU.Build.0 = Release|Any CPU
	EndGlobalSection
	GlobalSection(SolutionProperties) = preSolution
		HideSolutionNode = FALSE
	EndGlobalSection
	GlobalSection(ExtensibilityGlobals) = postSolution
		SolutionGuid = {3F91962D-F790-4717-9A91-A14655219D4A}
	EndGlobalSection
EndGlobal
